// !$*UTF8*$!
{
	archiveVersion = 1;
	classes = {
	};
	objectVersion = 50;
	objects = {

/* Begin PBXBuildFile section */
		09B23670215317A3007009E3 /* Button.swift in Sources */ = {isa = PBXBuildFile; fileRef = 09B2366F215317A3007009E3 /* Button.swift */; };
		09FC0816214E2CFA0046D9A2 /* AppDelegate.swift in Sources */ = {isa = PBXBuildFile; fileRef = 09FC0815214E2CFA0046D9A2 /* AppDelegate.swift */; };
		09FC0818214E2CFA0046D9A2 /* ViewController.swift in Sources */ = {isa = PBXBuildFile; fileRef = 09FC0817214E2CFA0046D9A2 /* ViewController.swift */; };
		09FC081B214E2CFA0046D9A2 /* Main.storyboard in Resources */ = {isa = PBXBuildFile; fileRef = 09FC0819214E2CFA0046D9A2 /* Main.storyboard */; };
		09FC081D214E2CFB0046D9A2 /* Assets.xcassets in Resources */ = {isa = PBXBuildFile; fileRef = 09FC081C214E2CFB0046D9A2 /* Assets.xcassets */; };
		09FC0820214E2CFB0046D9A2 /* LaunchScreen.storyboard in Resources */ = {isa = PBXBuildFile; fileRef = 09FC081E214E2CFB0046D9A2 /* LaunchScreen.storyboard */; };
/* End PBXBuildFile section */

/* Begin PBXFileReference section */
		09B2366F215317A3007009E3 /* Button.swift */ = {isa = PBXFileReference; lastKnownFileType = sourcecode.swift; path = Button.swift; sourceTree = "<group>"; };
		09FC0812214E2CFA0046D9A2 /* Mineralogisch.app */ = {isa = PBXFileReference; explicitFileType = wrapper.application; includeInIndex = 0; path = Mineralogisch.app; sourceTree = BUILT_PRODUCTS_DIR; };
		09FC0815214E2CFA0046D9A2 /* AppDelegate.swift */ = {isa = PBXFileReference; lastKnownFileType = sourcecode.swift; path = AppDelegate.swift; sourceTree = "<group>"; };
		09FC0817214E2CFA0046D9A2 /* ViewController.swift */ = {isa = PBXFileReference; lastKnownFileType = sourcecode.swift; path = ViewController.swift; sourceTree = "<group>"; };
		09FC081A214E2CFA0046D9A2 /* Base */ = {isa = PBXFileReference; lastKnownFileType = file.storyboard; name = Base; path = Base.lproj/Main.storyboard; sourceTree = "<group>"; };
		09FC081C214E2CFB0046D9A2 /* Assets.xcassets */ = {isa = PBXFileReference; lastKnownFileType = folder.assetcatalog; path = Assets.xcassets; sourceTree = "<group>"; };
		09FC081F214E2CFB0046D9A2 /* Base */ = {isa = PBXFileReference; lastKnownFileType = file.storyboard; name = Base; path = Base.lproj/LaunchScreen.storyboard; sourceTree = "<group>"; };
		09FC0821214E2CFB0046D9A2 /* Info.plist */ = {isa = PBXFileReference; lastKnownFileType = text.plist.xml; path = Info.plist; sourceTree = "<group>"; };
/* End PBXFileReference section */

/* Begin PBXFrameworksBuildPhase section */
		09FC080F214E2CFA0046D9A2 /* Frameworks */ = {
			isa = PBXFrameworksBuildPhase;
			buildActionMask = 2147483647;
			files = (
			);
			runOnlyForDeploymentPostprocessing = 0;
		};
/* End PBXFrameworksBuildPhase section */

/* Begin PBXGroup section */
		09FC0809214E2CFA0046D9A2 = {
			isa = PBXGroup;
			children = (
				09FC0814214E2CFA0046D9A2 /* Mineralogisch */,
				09FC0813214E2CFA0046D9A2 /* Products */,
			);
			sourceTree = "<group>";
		};
		09FC0813214E2CFA0046D9A2 /* Products */ = {
			isa = PBXGroup;
			children = (
				09FC0812214E2CFA0046D9A2 /* Mineralogisch.app */,
			);
			name = Products;
			sourceTree = "<group>";
		};
		09FC0814214E2CFA0046D9A2 /* Mineralogisch */ = {
			isa = PBXGroup;
			children = (
				09FC0815214E2CFA0046D9A2 /* AppDelegate.swift */,
				09FC0817214E2CFA0046D9A2 /* ViewController.swift */,
				09FC0819214E2CFA0046D9A2 /* Main.storyboard */,
				09FC081C214E2CFB0046D9A2 /* Assets.xcassets */,
				09FC081E214E2CFB0046D9A2 /* LaunchScreen.storyboard */,
				09FC0821214E2CFB0046D9A2 /* Info.plist */,
				09B2366F215317A3007009E3 /* Button.swift */,
			);
			path = Mineralogisch;
			sourceTree = "<group>";
		};
/* End PBXGroup section */

/* Begin PBXNativeTarget section */
		09FC0811214E2CFA0046D9A2 /* Mineralogisch */ = {
			isa = PBXNativeTarget;
			buildConfigurationList = 09FC0824214E2CFB0046D9A2 /* Build configuration list for PBXNativeTarget "Mineralogisch" */;
			buildPhases = (
				09FC080E214E2CFA0046D9A2 /* Sources */,
				09FC080F214E2CFA0046D9A2 /* Frameworks */,
				09FC0810214E2CFA0046D9A2 /* Resources */,
			);
			buildRules = (
			);
			dependencies = (
			);
			name = Mineralogisch;
			productName = Mineralogisch;
			productReference = 09FC0812214E2CFA0046D9A2 /* Mineralogisch.app */;
			productType = "com.apple.product-type.application";
		};
/* End PBXNativeTarget section */

/* Begin PBXProject section */
		09FC080A214E2CFA0046D9A2 /* Project object */ = {
			isa = PBXProject;
			attributes = {
				LastSwiftUpdateCheck = 0940;
				LastUpgradeCheck = 0940;
				ORGANIZATIONNAME = "Jonathan Herrejón";
				TargetAttributes = {
					09FC0811214E2CFA0046D9A2 = {
						CreatedOnToolsVersion = 9.4.1;
					};
				};
			};
			buildConfigurationList = 09FC080D214E2CFA0046D9A2 /* Build configuration list for PBXProject "Mineralogisch" */;
			compatibilityVersion = "Xcode 9.3";
			developmentRegion = en;
			hasScannedForEncodings = 0;
			knownRegions = (
				en,
				Base,
			);
			mainGroup = 09FC0809214E2CFA0046D9A2;
			productRefGroup = 09FC0813214E2CFA0046D9A2 /* Products */;
			projectDirPath = "";
			projectRoot = "";
			targets = (
				09FC0811214E2CFA0046D9A2 /* Mineralogisch */,
			);
		};
/* End PBXProject section */

/* Begin PBXResourcesBuildPhase section */
		09FC0810214E2CFA0046D9A2 /* Resources */ = {
			isa = PBXResourcesBuildPhase;
			buildActionMask = 2147483647;
			files = (
				09FC0820214E2CFB0046D9A2 /* LaunchScreen.storyboard in Resources */,
				09FC081D214E2CFB0046D9A2 /* Assets.xcassets in Resources */,
				09FC081B214E2CFA0046D9A2 /* Main.storyboard in Resources */,
			);
			runOnlyForDeploymentPostprocessing = 0;
		};
/* End PBXResourcesBuildPhase section */

/* Begin PBXSourcesBuildPhase section */
		09FC080E214E2CFA0046D9A2 /* Sources */ = {
			isa = PBXSourcesBuildPhase;
			buildActionMask = 2147483647;
			files = (
				09FC0818214E2CFA0046D9A2 /* ViewController.swift in Sources */,
				09B23670215317A3007009E3 /* Button.swift in Sources */,
				09FC0816214E2CFA0046D9A2 /* AppDelegate.swift in Sources */,
			);
			runOnlyForDeploymentPostprocessing = 0;
		};
/* End PBXSourcesBuildPhase section */

/* Begin PBXVariantGroup section */
		09FC0819214E2CFA0046D9A2 /* Main.storyboard */ = {
			isa = PBXVariantGroup;
			children = (
				09FC081A214E2CFA0046D9A2 /* Base */,
			);
			name = Main.storyboard;
			sourceTree = "<group>";
		};
		09FC081E214E2CFB0046D9A2 /* LaunchScreen.storyboard */ = {
			isa = PBXVariantGroup;
			children = (
				09FC081F214E2CFB0046D9A2 /* Base */,
			);
			name = LaunchScreen.storyboard;
			sourceTree = "<group>";
		};
/* End PBXVariantGroup section */

/* Begin XCBuildConfiguration section */
		09FC0822214E2CFB0046D9A2 /* Debug */ = {
			isa = XCBuildConfiguration;
			buildSettings = {
				ALWAYS_SEARCH_USER_PATHS = NO;
				CLANG_ANALYZER_NONNULL = YES;
				CLANG_ANALYZER_NUMBER_OBJECT_CONVERSION = YES_AGGRESSIVE;
				CLANG_CXX_LANGUAGE_STANDARD = "gnu++14";
				CLANG_CXX_LIBRARY = "libc++";
				CLANG_ENABLE_MODULES = YES;
				CLANG_ENABLE_OBJC_ARC = YES;
				CLANG_ENABLE_OBJC_WEAK = YES;
				CLANG_WARN_BLOCK_CAPTURE_AUTORELEASING = YES;
				CLANG_WARN_BOOL_CONVERSION = YES;
				CLANG_WARN_COMMA = YES;
				CLANG_WARN_CONSTANT_CONVERSION = YES;
				CLANG_WARN_DEPRECATED_OBJC_IMPLEMENTATIONS = YES;
				CLANG_WARN_DIRECT_OBJC_ISA_USAGE = YES_ERROR;
				CLANG_WARN_DOCUMENTATION_COMMENTS = YES;
				CLANG_WARN_EMPTY_BODY = YES;
				CLANG_WARN_ENUM_CONVERSION = YES;
				CLANG_WARN_INFINITE_RECURSION = YES;
				CLANG_WARN_INT_CONVERSION = YES;
				CLANG_WARN_NON_LITERAL_NULL_CONVERSION = YES;
				CLANG_WARN_OBJC_IMPLICIT_RETAIN_SELF = YES;
				CLANG_WARN_OBJC_LITERAL_CONVERSION = YES;
				CLANG_WARN_OBJC_ROOT_CLASS = YES_ERROR;
				CLANG_WARN_RANGE_LOOP_ANALYSIS = YES;
				CLANG_WARN_STRICT_PROTOTYPES = YES;
				CLANG_WARN_SUSPICIOUS_MOVE = YES;
				CLANG_WARN_UNGUARDED_AVAILABILITY = YES_AGGRESSIVE;
				CLANG_WARN_UNREACHABLE_CODE = YES;
				CLANG_WARN__DUPLICATE_METHOD_MATCH = YES;
				CODE_SIGN_IDENTITY = "iPhone Developer";
				COPY_PHASE_STRIP = NO;
				DEBUG_INFORMATION_FORMAT = dwarf;
				ENABLE_STRICT_OBJC_MSGSEND = YES;
				ENABLE_TESTABILITY = YES;
				GCC_C_LANGUAGE_STANDARD = gnu11;
				GCC_DYNAMIC_NO_PIC = NO;
				GCC_NO_COMMON_BLOCKS = YES;
				GCC_OPTIMIZATION_LEVEL = 0;
				GCC_PREPROCESSOR_DEFINITIONS = (
					"DEBUG=1",
					"$(inherited)",
				);
				GCC_WARN_64_TO_32_BIT_CONVERSION = YES;
				GCC_WARN_ABOUT_RETURN_TYPE = YES_ERROR;
				GCC_WARN_UNDECLARED_SELECTOR = YES;
				GCC_WARN_UNINITIALIZED_AUTOS = YES_AGGRESSIVE;
				GCC_WARN_UNUSED_FUNCTION = YES;
				GCC_WARN_UNUSED_VARIABLE = YES;
				IPHONEOS_DEPLOYMENT_TARGET = 11.4;
				MTL_ENABLE_DEBUG_INFO = YES;
				ONLY_ACTIVE_ARCH = YES;
				SDKROOT = iphoneos;
				SWIFT_ACTIVE_COMPILATION_CONDITIONS = DEBUG;
				SWIFT_OPTIMIZATION_LEVEL = "-Onone";
			};
			name = Debug;
		};
		09FC0823214E2CFB0046D9A2 /* Release */ = {
			isa = XCBuildConfiguration;
			buildSettings = {
				ALWAYS_SEARCH_USER_PATHS = NO;
				CLANG_ANALYZER_NONNULL = YES;
				CLANG_ANALYZER_NUMBER_OBJECT_CONVERSION = YES_AGGRESSIVE;
				CLANG_CXX_LANGUAGE_STANDARD = "gnu++14";
				CLANG_CXX_LIBRARY = "libc++";
				CLANG_ENABLE_MODULES = YES;
				CLANG_ENABLE_OBJC_ARC = YES;
				CLANG_ENABLE_OBJC_WEAK = YES;
				CLANG_WARN_BLOCK_CAPTURE_AUTORELEASING = YES;
				CLANG_WARN_BOOL_CONVERSION = YES;
				CLANG_WARN_COMMA = YES;
				CLANG_WARN_CONSTANT_CONVERSION = YES;
				CLANG_WARN_DEPRECATED_OBJC_IMPLEMENTATIONS = YES;
				CLANG_WARN_DIRECT_OBJC_ISA_USAGE = YES_ERROR;
				CLANG_WARN_DOCUMENTATION_COMMENTS = YES;
				CLANG_WARN_EMPTY_BODY = YES;
				CLANG_WARN_ENUM_CONVERSION = YES;
				CLANG_WARN_INFINITE_RECURSION = YES;
				CLANG_WARN_INT_CONVERSION = YES;
				CLANG_WARN_NON_LITERAL_NULL_CONVERSION = YES;
				CLANG_WARN_OBJC_IMPLICIT_RETAIN_SELF = YES;
				CLANG_WARN_OBJC_LITERAL_CONVERSION = YES;
				CLANG_WARN_OBJC_ROOT_CLASS = YES_ERROR;
				CLANG_WARN_RANGE_LOOP_ANALYSIS = YES;
				CLANG_WARN_STRICT_PROTOTYPES = YES;
				CLANG_WARN_SUSPICIOUS_MOVE = YES;
				CLANG_WARN_UNGUARDED_AVAILABILITY = YES_AGGRESSIVE;
				CLANG_WARN_UNREACHABLE_CODE = YES;
				CLANG_WARN__DUPLICATE_METHOD_MATCH = YES;
				CODE_SIGN_IDENTITY = "iPhone Developer";
				COPY_PHASE_STRIP = NO;
				DEBUG_INFORMATION_FORMAT = "dwarf-with-dsym";
				ENABLE_NS_ASSERTIONS = NO;
				ENABLE_STRICT_OBJC_MSGSEND = YES;
				GCC_C_LANGUAGE_STANDARD = gnu11;
				GCC_NO_COMMON_BLOCKS = YES;
				GCC_WARN_64_TO_32_BIT_CONVERSION = YES;
				GCC_WARN_ABOUT_RETURN_TYPE = YES_ERROR;
				GCC_WARN_UNDECLARED_SELECTOR = YES;
				GCC_WARN_UNINITIALIZED_AUTOS = YES_AGGRESSIVE;
				GCC_WARN_UNUSED_FUNCTION = YES;
				GCC_WARN_UNUSED_VARIABLE = YES;
				IPHONEOS_DEPLOYMENT_TARGET = 11.4;
				MTL_ENABLE_DEBUG_INFO = NO;
				SDKROOT = iphoneos;
				SWIFT_COMPILATION_MODE = wholemodule;
				SWIFT_OPTIMIZATION_LEVEL = "-O";
				VALIDATE_PRODUCT = YES;
			};
			name = Release;
		};
		09FC0825214E2CFB0046D9A2 /* Debug */ = {
			isa = XCBuildConfiguration;
			buildSettings = {
				ASSETCATALOG_COMPILER_APPICON_NAME = AppIcon;
				CODE_SIGN_STYLE = Automatic;
				DEVELOPMENT_TEAM = VM8XV6N62U;
				INFOPLIST_FILE = Mineralogisch/Info.plist;
				IPHONEOS_DEPLOYMENT_TARGET = 9.3;
				LD_RUNPATH_SEARCH_PATHS = (
					"$(inherited)",
					"@executable_path/Frameworks",
				);
				PRODUCT_BUNDLE_IDENTIFIER = jondhc.com.Mineralogisch;
				PRODUCT_NAME = "$(TARGET_NAME)";
				SWIFT_VERSION = 4.0;
				TARGETED_DEVICE_FAMILY = 1;
			};
			name = Debug;
		};
		09FC0826214E2CFB0046D9A2 /* Release */ = {
			isa = XCBuildConfiguration;
			buildSettings = {
				ASSETCATALOG_COMPILER_APPICON_NAME = AppIcon;
				CODE_SIGN_STYLE = Automatic;
				DEVELOPMENT_TEAM = VM8XV6N62U;
				INFOPLIST_FILE = Mineralogisch/Info.plist;
				IPHONEOS_DEPLOYMENT_TARGET = 9.3;
				LD_RUNPATH_SEARCH_PATHS = (
					"$(inherited)",
					"@executable_path/Frameworks",
				);
				PRODUCT_BUNDLE_IDENTIFIER = jondhc.com.Mineralogisch;
				PRODUCT_NAME = "$(TARGET_NAME)";
				SWIFT_VERSION = 4.0;
				TARGETED_DEVICE_FAMILY = 1;
			};
			name = Release;
		};
/* End XCBuildConfiguration section */

/* Begin XCConfigurationList section */
		09FC080D214E2CFA0046D9A2 /* Build configuration list for PBXProject "Mineralogisch" */ = {
			isa = XCConfigurationList;
			buildConfigurations = (
				09FC0822214E2CFB0046D9A2 /* Debug */,
				09FC0823214E2CFB0046D9A2 /* Release */,
			);
			defaultConfigurationIsVisible = 0;
			defaultConfigurationName = Release;
		};
		09FC0824214E2CFB0046D9A2 /* Build configuration list for PBXNativeTarget "Mineralogisch" */ = {
			isa = XCConfigurationList;
			buildConfigurations = (
				09FC0825214E2CFB0046D9A2 /* Debug */,
				09FC0826214E2CFB0046D9A2 /* Release */,
			);
			defaultConfigurationIsVisible = 0;
			defaultConfigurationName = Release;
		};
/* End XCConfigurationList section */
	};
	rootObject = 09FC080A214E2CFA0046D9A2 /* Project object */;
}
